
Microsoft Visual Studio Solution File, Format Version 12.00
# Visual Studio Version 17
VisualStudioVersion = 17.7.34018.315
MinimumVisualStudioVersion = 10.0.40219.1
Project("{8BC9CEB8-8B4A-11D0-8D11-00A0C91BC942}") = "VS_Project", "VS_Project.vcxproj", "{583D53D5-1B85-446B-AA65-0BF9C2BD6018}"
EndProject
Global
	GlobalSection(SolutionConfigurationPlatforms) = preSolution
		Debug|x64 = Debug|x64
		Debug|x86 = Debug|x86
		Release|x64 = Release|x64
		Release|x86 = Release|x86
	EndGlobalSection
	GlobalSection(ProjectConfigurationPlatforms) = postSolution
		{583D53D5-1B85-446B-AA65-0BF9C2BD6018}.Debug|x64.ActiveCfg = Debug|x64
		{583D53D5-1B85-446B-AA65-0BF9C2BD6018}.Debug|x64.Build.0 = Debug|x64
		{583D53D5-1B85-446B-AA65-0BF9C2BD6018}.Debug|x86.ActiveCfg = Debug|Win32
		{583D53D5-1B85-446B-AA65-0BF9C2BD6018}.Debug|x86.Build.0 = Debug|Win32
		{583D53D5-1B85-446B-AA65-0BF9C2BD6018}.Release|x64.ActiveCfg = Release|x64
		{583D53D5-1B85-446B-AA65-0BF9C2BD6018}.Release|x64.Build.0 = Release|x64
		{583D53D5-1B85-446B-AA65-0BF9C2BD6018}.Release|x86.ActiveCfg = Release|Win32
		{583D53D5-1B85-446B-AA65-0BF9C2BD6018}.Release|x86.Build.0 = Release|Win32
	EndGlobalSection
	GlobalSection(SolutionProperties) = preSolution
		HideSolutionNode = FALSE
	EndGlobalSection
	GlobalSection(ExtensibilityGlobals) = postSolution
		SolutionGuid = {3FC78C15-E809-498F-911A-779FB40BFB50}
	EndGlobalSection
EndGlobal
